{
  "nodes": {
    "nixpkgs": {
      "locked": {
        "lastModified": 1765934234,
        "narHash": "sha256-pJjWUzNnjbIAMIc5gRFUuKCDQ9S1cuh3b2hKgA7Mc4A=",
        "owner": "nixos",
        "repo": "nixpkgs",
        "rev": "af84f9d270d404c17699522fab95bbf928a2d92f",
        "type": "github"
      },
      "original": {
        "owner": "nixos",
        "ref": "nixpkgs-unstable",
        "repo": "nixpkgs",
        "type": "github"
      }
    },
    "root": {
      "inputs": {
        "nixpkgs": "nixpkgs",
        "wallpapers": "wallpapers"
      }
    },
    "wallpapers": {
      "locked": {
        "lastModified": 1766046455,
        "narHash": "sha256-qh0qy7NmWh4z2myD+E+1LCETV+2yWF4W6RaNDv5Sals=",
        "owner": "sotormd",
        "repo": "wallpapers",
        "rev": "0f353537e9f2ca32150f34885015151c30ffdf47",
        "type": "github"
      },
      "original": {
        "owner": "sotormd",
        "repo": "wallpapers",
        "type": "github"
      }
    }
  },
  "root": "root",
  "version": 7
}
